#
# This file is autogenerated by pip-compile with Python 3.14
# by the following command:
#
#    pip-compile --extra=dev --no-emit-index-url --no-emit-trusted-host --output-file=backend/requirements-dev.lock --strip-extras backend/pyproject.toml
#
annotated-doc==0.0.4
    # via fastapi
annotated-types==0.7.0
    # via pydantic
anyio==4.13.0
    # via
    #   httpx
    #   starlette
    #   watchfiles
build==1.5.0
    # via pip-tools
certifi==2026.4.22
    # via
    #   httpcore
    #   httpx
cfgv==3.5.0
    # via pre-commit
click==8.3.3
    # via
    #   import-linter
    #   pip-tools
    #   uvicorn
coverage==7.13.5
    # via pytest-cov
distlib==0.4.0
    # via virtualenv
fastapi==0.136.1
    # via coffer (backend/pyproject.toml)
filelock==3.29.0
    # via
    #   python-discovery
    #   virtualenv
grimp==2.5
    # via
    #   coffer (backend/pyproject.toml)
    #   import-linter
h11==0.16.0
    # via
    #   httpcore
    #   uvicorn
httpcore==1.0.9
    # via httpx
httptools==0.7.1
    # via uvicorn
httpx==0.28.1
    # via coffer (backend/pyproject.toml)
identify==2.6.19
    # via pre-commit
idna==3.13
    # via
    #   anyio
    #   httpx
import-linter==1.10.0
    # via coffer (backend/pyproject.toml)
iniconfig==2.3.0
    # via pytest
librt==0.9.0
    # via mypy
mypy==1.20.2
    # via coffer (backend/pyproject.toml)
mypy-extensions==1.1.0
    # via mypy
nodeenv==1.10.0
    # via pre-commit
packaging==26.2
    # via
    #   build
    #   pytest
    #   wheel
pathspec==1.1.1
    # via mypy
pip-tools==7.5.3
    # via coffer (backend/pyproject.toml)
platformdirs==4.9.6
    # via
    #   python-discovery
    #   virtualenv
pluggy==1.6.0
    # via
    #   pytest
    #   pytest-cov
pre-commit==4.6.0
    # via coffer (backend/pyproject.toml)
pydantic==2.13.3
    # via
    #   coffer (backend/pyproject.toml)
    #   fastapi
pydantic-core==2.46.3
    # via pydantic
pygments==2.20.0
    # via pytest
pyproject-hooks==1.2.0
    # via
    #   build
    #   pip-tools
pytest==9.0.3
    # via
    #   coffer (backend/pyproject.toml)
    #   pytest-asyncio
    #   pytest-cov
pytest-asyncio==1.3.0
    # via coffer (backend/pyproject.toml)
pytest-cov==7.1.0
    # via coffer (backend/pyproject.toml)
python-discovery==1.3.0
    # via virtualenv
python-dotenv==1.2.2
    # via uvicorn
pyyaml==6.0.3
    # via
    #   pre-commit
    #   uvicorn
ruff==0.15.12
    # via coffer (backend/pyproject.toml)
starlette==1.0.0
    # via fastapi
typing-extensions==4.15.0
    # via
    #   fastapi
    #   grimp
    #   import-linter
    #   mypy
    #   pydantic
    #   pydantic-core
    #   typing-inspection
typing-inspection==0.4.2
    # via
    #   fastapi
    #   pydantic
uvicorn==0.46.0
    # via coffer (backend/pyproject.toml)
uvloop==0.22.1
    # via uvicorn
virtualenv==21.3.1
    # via pre-commit
watchfiles==1.1.1
    # via uvicorn
websockets==16.0
    # via uvicorn
wheel==0.47.0
    # via pip-tools

# The following packages are considered to be unsafe in a requirements file:
# pip
# setuptools
